// !$*UTF8*$!
{
	archiveVersion = 1;
	classes = {
	};
	objectVersion = 77;
	objects = {

/* Begin PBXBuildFile section */
		6F6A1C2C2E12992900C7FA92 /* AudioKit in Frameworks */ = {isa = PBXBuildFile; productRef = 6F6A1C2B2E12992900C7FA92 /* AudioKit */; };
/* End PBXBuildFile section */

/* Begin PBXContainerItemProxy section */
		6FAC5AE32DFCB5DD00BCAA68 /* PBXContainerItemProxy */ = {
			isa = PBXContainerItemProxy;
			containerPortal = 6FAC5ACD2DFCB5DC00BCAA68 /* Project object */;
			proxyType = 1;
			remoteGlobalIDString = 6FAC5AD42DFCB5DC00BCAA68;
			remoteInfo = VibriaMusic;
		};
		6FAC5AED2DFCB5DD00BCAA68 /* PBXContainerItemProxy */ = {
			isa = PBXContainerItemProxy;
			containerPortal = 6FAC5ACD2DFCB5DC00BCAA68 /* Project object */;
			proxyType = 1;
			remoteGlobalIDString = 6FAC5AD42DFCB5DC00BCAA68;
			remoteInfo = VibriaMusic;
		};
/* End PBXContainerItemProxy section */

/* Begin PBXFileReference section */
		6FAC5AD52DFCB5DC00BCAA68 /* VibriaMusic.app */ = {isa = PBXFileReference; explicitFileType = wrapper.application; includeInIndex = 0; path = VibriaMusic.app; sourceTree = BUILT_PRODUCTS_DIR; };
		6FAC5AE22DFCB5DD00BCAA68 /* VibriaMusicTests.xctest */ = {isa = PBXFileReference; explicitFileType = wrapper.cfbundle; includeInIndex = 0; path = VibriaMusicTests.xctest; sourceTree = BUILT_PRODUCTS_DIR; };
		6FAC5AEC2DFCB5DD00BCAA68 /* VibriaMusicUITests.xctest */ = {isa = PBXFileReference; explicitFileType = wrapper.cfbundle; includeInIndex = 0; path = VibriaMusicUITests.xctest; sourceTree = BUILT_PRODUCTS_DIR; };
/* End PBXFileReference section */

/* Begin PBXFileSystemSynchronizedBuildFileExceptionSet section */
		6F15B1C92E05676F00368CAC /* Exceptions for "VibriaMusic" folder in "VibriaMusic" target */ = {
			isa = PBXFileSystemSynchronizedBuildFileExceptionSet;
			membershipExceptions = (
				Info.plist,
			);
			target = 6FAC5AD42DFCB5DC00BCAA68 /* VibriaMusic */;
		};
/* End PBXFileSystemSynchronizedBuildFileExceptionSet section */

/* Begin PBXFileSystemSynchronizedRootGroup section */
		6FAC5AD72DFCB5DC00BCAA68 /* VibriaMusic */ = {
			isa = PBXFileSystemSynchronizedRootGroup;
			exceptions = (
				6F15B1C92E05676F00368CAC /* Exceptions for "VibriaMusic" folder in "VibriaMusic" target */,
			);
			path = VibriaMusic;
			sourceTree = "<group>";
		};
		6FAC5AE52DFCB5DD00BCAA68 /* VibriaMusicTests */ = {
			isa = PBXFileSystemSynchronizedRootGroup;
			path = VibriaMusicTests;
			sourceTree = "<group>";
		};
		6FAC5AEF2DFCB5DD00BCAA68 /* VibriaMusicUITests */ = {
			isa = PBXFileSystemSynchronizedRootGroup;
			path = VibriaMusicUITests;
			sourceTree = "<group>";
		};
/* End PBXFileSystemSynchronizedRootGroup section */

/* Begin PBXFrameworksBuildPhase section */
		6FAC5AD22DFCB5DC00BCAA68 /* Frameworks */ = {
			isa = PBXFrameworksBuildPhase;
			buildActionMask = 2147483647;
			files = (
				6F6A1C2C2E12992900C7FA92 /* AudioKit in Frameworks */,
			);
			runOnlyForDeploymentPostprocessing = 0;
		};
		6FAC5ADF2DFCB5DD00BCAA68 /* Frameworks */ = {
			isa = PBXFrameworksBuildPhase;
			buildActionMask = 2147483647;
			files = (
			);
			runOnlyForDeploymentPostprocessing = 0;
		};
		6FAC5AE92DFCB5DD00BCAA68 /* Frameworks */ = {
			isa = PBXFrameworksBuildPhase;
			buildActionMask = 2147483647;
			files = (
			);
			runOnlyForDeploymentPostprocessing = 0;
		};
/* End PBXFrameworksBuildPhase section */

/* Begin PBXGroup section */
		6FAC5ACC2DFCB5DC00BCAA68 = {
			isa = PBXGroup;
			children = (
				6FAC5AD72DFCB5DC00BCAA68 /* VibriaMusic */,
				6FAC5AE52DFCB5DD00BCAA68 /* VibriaMusicTests */,
				6FAC5AEF2DFCB5DD00BCAA68 /* VibriaMusicUITests */,
				6FAC5AD62DFCB5DC00BCAA68 /* Products */,
			);
			sourceTree = "<group>";
		};
		6FAC5AD62DFCB5DC00BCAA68 /* Products */ = {
			isa = PBXGroup;
			children = (
				6FAC5AD52DFCB5DC00BCAA68 /* VibriaMusic.app */,
				6FAC5AE22DFCB5DD00BCAA68 /* VibriaMusicTests.xctest */,
				6FAC5AEC2DFCB5DD00BCAA68 /* VibriaMusicUITests.xctest */,
			);
			name = Products;
			sourceTree = "<group>";
		};
/* End PBXGroup section */

/* Begin PBXNativeTarget section */
		6FAC5AD42DFCB5DC00BCAA68 /* VibriaMusic */ = {
			isa = PBXNativeTarget;
			buildConfigurationList = 6FAC5AF62DFCB5DD00BCAA68 /* Build configuration list for PBXNativeTarget "VibriaMusic" */;
			buildPhases = (
				6FAC5AD12DFCB5DC00BCAA68 /* Sources */,
				6FAC5AD22DFCB5DC00BCAA68 /* Frameworks */,
				6FAC5AD32DFCB5DC00BCAA68 /* Resources */,
			);
			buildRules = (
			);
			dependencies = (
			);
			fileSystemSynchronizedGroups = (
				6FAC5AD72DFCB5DC00BCAA68 /* VibriaMusic */,
			);
			name = VibriaMusic;
			packageProductDependencies = (
				6F6A1C2B2E12992900C7FA92 /* AudioKit */,
			);
			productName = VibriaMusic;
			productReference = 6FAC5AD52DFCB5DC00BCAA68 /* VibriaMusic.app */;
			productType = "com.apple.product-type.application";
		};
		6FAC5AE12DFCB5DD00BCAA68 /* VibriaMusicTests */ = {
			isa = PBXNativeTarget;
			buildConfigurationList = 6FAC5AF92DFCB5DD00BCAA68 /* Build configuration list for PBXNativeTarget "VibriaMusicTests" */;
			buildPhases = (
				6FAC5ADE2DFCB5DD00BCAA68 /* Sources */,
				6FAC5ADF2DFCB5DD00BCAA68 /* Frameworks */,
				6FAC5AE02DFCB5DD00BCAA68 /* Resources */,
			);
			buildRules = (
			);
			dependencies = (
				6FAC5AE42DFCB5DD00BCAA68 /* PBXTargetDependency */,
			);
			fileSystemSynchronizedGroups = (
				6FAC5AE52DFCB5DD00BCAA68 /* VibriaMusicTests */,
			);
			name = VibriaMusicTests;
			packageProductDependencies = (
			);
			productName = VibriaMusicTests;
			productReference = 6FAC5AE22DFCB5DD00BCAA68 /* VibriaMusicTests.xctest */;
			productType = "com.apple.product-type.bundle.unit-test";
		};
		6FAC5AEB2DFCB5DD00BCAA68 /* VibriaMusicUITests */ = {
			isa = PBXNativeTarget;
			buildConfigurationList = 6FAC5AFC2DFCB5DD00BCAA68 /* Build configuration list for PBXNativeTarget "VibriaMusicUITests" */;
			buildPhases = (
				6FAC5AE82DFCB5DD00BCAA68 /* Sources */,
				6FAC5AE92DFCB5DD00BCAA68 /* Frameworks */,
				6FAC5AEA2DFCB5DD00BCAA68 /* Resources */,
			);
			buildRules = (
			);
			dependencies = (
				6FAC5AEE2DFCB5DD00BCAA68 /* PBXTargetDependency */,
			);
			fileSystemSynchronizedGroups = (
				6FAC5AEF2DFCB5DD00BCAA68 /* VibriaMusicUITests */,
			);
			name = VibriaMusicUITests;
			packageProductDependencies = (
			);
			productName = VibriaMusicUITests;
			productReference = 6FAC5AEC2DFCB5DD00BCAA68 /* VibriaMusicUITests.xctest */;
			productType = "com.apple.product-type.bundle.ui-testing";
		};
/* End PBXNativeTarget section */

/* Begin PBXProject section */
		6FAC5ACD2DFCB5DC00BCAA68 /* Project object */ = {
			isa = PBXProject;
			attributes = {
				BuildIndependentTargetsInParallel = 1;
				LastSwiftUpdateCheck = 1640;
				LastUpgradeCheck = 1640;
				TargetAttributes = {
					6FAC5AD42DFCB5DC00BCAA68 = {
						CreatedOnToolsVersion = 16.4;
					};
					6FAC5AE12DFCB5DD00BCAA68 = {
						CreatedOnToolsVersion = 16.4;
						TestTargetID = 6FAC5AD42DFCB5DC00BCAA68;
					};
					6FAC5AEB2DFCB5DD00BCAA68 = {
						CreatedOnToolsVersion = 16.4;
						TestTargetID = 6FAC5AD42DFCB5DC00BCAA68;
					};
				};
			};
			buildConfigurationList = 6FAC5AD02DFCB5DC00BCAA68 /* Build configuration list for PBXProject "VibriaMusic" */;
			developmentRegion = en;
			hasScannedForEncodings = 0;
			knownRegions = (
				en,
				Base,
			);
			mainGroup = 6FAC5ACC2DFCB5DC00BCAA68;
			minimizedProjectReferenceProxies = 1;
			packageReferences = (
				6F6A1C282E12978C00C7FA92 /* XCRemoteSwiftPackageReference "AudioKit" */,
			);
			preferredProjectObjectVersion = 77;
			productRefGroup = 6FAC5AD62DFCB5DC00BCAA68 /* Products */;
			projectDirPath = "";
			projectRoot = "";
			targets = (
				6FAC5AD42DFCB5DC00BCAA68 /* VibriaMusic */,
				6FAC5AE12DFCB5DD00BCAA68 /* VibriaMusicTests */,
				6FAC5AEB2DFCB5DD00BCAA68 /* VibriaMusicUITests */,
			);
		};
/* End PBXProject section */

/* Begin PBXResourcesBuildPhase section */
		6FAC5AD32DFCB5DC00BCAA68 /* Resources */ = {
			isa = PBXResourcesBuildPhase;
			buildActionMask = 2147483647;
			files = (
			);
			runOnlyForDeploymentPostprocessing = 0;
		};
		6FAC5AE02DFCB5DD00BCAA68 /* Resources */ = {
			isa = PBXResourcesBuildPhase;
			buildActionMask = 2147483647;
			files = (
			);
			runOnlyForDeploymentPostprocessing = 0;
		};
		6FAC5AEA2DFCB5DD00BCAA68 /* Resources */ = {
			isa = PBXResourcesBuildPhase;
			buildActionMask = 2147483647;
			files = (
			);
			runOnlyForDeploymentPostprocessing = 0;
		};
/* End PBXResourcesBuildPhase section */

/* Begin PBXSourcesBuildPhase section */
		6FAC5AD12DFCB5DC00BCAA68 /* Sources */ = {
			isa = PBXSourcesBuildPhase;
			buildActionMask = 2147483647;
			files = (
			);
			runOnlyForDeploymentPostprocessing = 0;
		};
		6FAC5ADE2DFCB5DD00BCAA68 /* Sources */ = {
			isa = PBXSourcesBuildPhase;
			buildActionMask = 2147483647;
			files = (
			);
			runOnlyForDeploymentPostprocessing = 0;
		};
		6FAC5AE82DFCB5DD00BCAA68 /* Sources */ = {
			isa = PBXSourcesBuildPhase;
			buildActionMask = 2147483647;
			files = (
			);
			runOnlyForDeploymentPostprocessing = 0;
		};
/* End PBXSourcesBuildPhase section */

/* Begin PBXTargetDependency section */
		6FAC5AE42DFCB5DD00BCAA68 /* PBXTargetDependency */ = {
			isa = PBXTargetDependency;
			target = 6FAC5AD42DFCB5DC00BCAA68 /* VibriaMusic */;
			targetProxy = 6FAC5AE32DFCB5DD00BCAA68 /* PBXContainerItemProxy */;
		};
		6FAC5AEE2DFCB5DD00BCAA68 /* PBXTargetDependency */ = {
			isa = PBXTargetDependency;
			target = 6FAC5AD42DFCB5DC00BCAA68 /* VibriaMusic */;
			targetProxy = 6FAC5AED2DFCB5DD00BCAA68 /* PBXContainerItemProxy */;
		};
/* End PBXTargetDependency section */

/* Begin XCBuildConfiguration section */
		6FAC5AF42DFCB5DD00BCAA68 /* Debug */ = {
			isa = XCBuildConfiguration;
			buildSettings = {
				ALWAYS_SEARCH_USER_PATHS = NO;
				ASSETCATALOG_COMPILER_GENERATE_SWIFT_ASSET_SYMBOL_EXTENSIONS = YES;
				CLANG_ANALYZER_NONNULL = YES;
				CLANG_ANALYZER_NUMBER_OBJECT_CONVERSION = YES_AGGRESSIVE;
				CLANG_CXX_LANGUAGE_STANDARD = "gnu++20";
				CLANG_ENABLE_MODULES = YES;
				CLANG_ENABLE_OBJC_ARC = YES;
				CLANG_ENABLE_OBJC_WEAK = YES;
				CLANG_WARN_BLOCK_CAPTURE_AUTORELEASING = YES;
				CLANG_WARN_BOOL_CONVERSION = YES;
				CLANG_WARN_COMMA = YES;
				CLANG_WARN_CONSTANT_CONVERSION = YES;
				CLANG_WARN_DEPRECATED_OBJC_IMPLEMENTATIONS = YES;
				CLANG_WARN_DIRECT_OBJC_ISA_USAGE = YES_ERROR;
				CLANG_WARN_DOCUMENTATION_COMMENTS = YES;
				CLANG_WARN_EMPTY_BODY = YES;
				CLANG_WARN_ENUM_CONVERSION = YES;
				CLANG_WARN_INFINITE_RECURSION = YES;
				CLANG_WARN_INT_CONVERSION = YES;
				CLANG_WARN_NON_LITERAL_NULL_CONVERSION = YES;
				CLANG_WARN_OBJC_IMPLICIT_RETAIN_SELF = YES;
				CLANG_WARN_OBJC_LITERAL_CONVERSION = YES;
				CLANG_WARN_OBJC_ROOT_CLASS = YES_ERROR;
				CLANG_WARN_QUOTED_INCLUDE_IN_FRAMEWORK_HEADER = YES;
				CLANG_WARN_RANGE_LOOP_ANALYSIS = YES;
				CLANG_WARN_STRICT_PROTOTYPES = YES;
				CLANG_WARN_SUSPICIOUS_MOVE = YES;
				CLANG_WARN_UNGUARDED_AVAILABILITY = YES_AGGRESSIVE;
				CLANG_WARN_UNREACHABLE_CODE = YES;
				CLANG_WARN__DUPLICATE_METHOD_MATCH = YES;
				COPY_PHASE_STRIP = NO;
				DEBUG_INFORMATION_FORMAT = dwarf;
				ENABLE_STRICT_OBJC_MSGSEND = YES;
				ENABLE_TESTABILITY = YES;
				ENABLE_USER_SCRIPT_SANDBOXING = YES;
				GCC_C_LANGUAGE_STANDARD = gnu17;
				GCC_DYNAMIC_NO_PIC = NO;
				GCC_NO_COMMON_BLOCKS = YES;
				GCC_OPTIMIZATION_LEVEL = 0;
				GCC_PREPROCESSOR_DEFINITIONS = (
					"DEBUG=1",
					"$(inherited)",
				);
				GCC_WARN_64_TO_32_BIT_CONVERSION = YES;
				GCC_WARN_ABOUT_RETURN_TYPE = YES_ERROR;
				GCC_WARN_UNDECLARED_SELECTOR = YES;
				GCC_WARN_UNINITIALIZED_AUTOS = YES_AGGRESSIVE;
				GCC_WARN_UNUSED_FUNCTION = YES;
				GCC_WARN_UNUSED_VARIABLE = YES;
				IPHONEOS_DEPLOYMENT_TARGET = 18.5;
				LOCALIZATION_PREFERS_STRING_CATALOGS = YES;
				MTL_ENABLE_DEBUG_INFO = INCLUDE_SOURCE;
				MTL_FAST_MATH = YES;
				ONLY_ACTIVE_ARCH = YES;
				SDKROOT = iphoneos;
				SWIFT_ACTIVE_COMPILATION_CONDITIONS = "DEBUG $(inherited)";
				SWIFT_OPTIMIZATION_LEVEL = "-Onone";
			};
			name = Debug;
		};
		6FAC5AF52DFCB5DD00BCAA68 /* Release */ = {
			isa = XCBuildConfiguration;
			buildSettings = {
				ALWAYS_SEARCH_USER_PATHS = NO;
				ASSETCATALOG_COMPILER_GENERATE_SWIFT_ASSET_SYMBOL_EXTENSIONS = YES;
				CLANG_ANALYZER_NONNULL = YES;
				CLANG_ANALYZER_NUMBER_OBJECT_CONVERSION = YES_AGGRESSIVE;
				CLANG_CXX_LANGUAGE_STANDARD = "gnu++20";
				CLANG_ENABLE_MODULES = YES;
				CLANG_ENABLE_OBJC_ARC = YES;
				CLANG_ENABLE_OBJC_WEAK = YES;
				CLANG_WARN_BLOCK_CAPTURE_AUTORELEASING = YES;
				CLANG_WARN_BOOL_CONVERSION = YES;
				CLANG_WARN_COMMA = YES;
				CLANG_WARN_CONSTANT_CONVERSION = YES;
				CLANG_WARN_DEPRECATED_OBJC_IMPLEMENTATIONS = YES;
				CLANG_WARN_DIRECT_OBJC_ISA_USAGE = YES_ERROR;
				CLANG_WARN_DOCUMENTATION_COMMENTS = YES;
				CLANG_WARN_EMPTY_BODY = YES;
				CLANG_WARN_ENUM_CONVERSION = YES;
				CLANG_WARN_INFINITE_RECURSION = YES;
				CLANG_WARN_INT_CONVERSION = YES;
				CLANG_WARN_NON_LITERAL_NULL_CONVERSION = YES;
				CLANG_WARN_OBJC_IMPLICIT_RETAIN_SELF = YES;
				CLANG_WARN_OBJC_LITERAL_CONVERSION = YES;
				CLANG_WARN_OBJC_ROOT_CLASS = YES_ERROR;
				CLANG_WARN_QUOTED_INCLUDE_IN_FRAMEWORK_HEADER = YES;
				CLANG_WARN_RANGE_LOOP_ANALYSIS = YES;
				CLANG_WARN_STRICT_PROTOTYPES = YES;
				CLANG_WARN_SUSPICIOUS_MOVE = YES;
				CLANG_WARN_UNGUARDED_AVAILABILITY = YES_AGGRESSIVE;
				CLANG_WARN_UNREACHABLE_CODE = YES;
				CLANG_WARN__DUPLICATE_METHOD_MATCH = YES;
				COPY_PHASE_STRIP = NO;
				DEBUG_INFORMATION_FORMAT = "dwarf-with-dsym";
				ENABLE_NS_ASSERTIONS = NO;
				ENABLE_STRICT_OBJC_MSGSEND = YES;
				ENABLE_USER_SCRIPT_SANDBOXING = YES;
				GCC_C_LANGUAGE_STANDARD = gnu17;
				GCC_NO_COMMON_BLOCKS = YES;
				GCC_WARN_64_TO_32_BIT_CONVERSION = YES;
				GCC_WARN_ABOUT_RETURN_TYPE = YES_ERROR;
				GCC_WARN_UNDECLARED_SELECTOR = YES;
				GCC_WARN_UNINITIALIZED_AUTOS = YES_AGGRESSIVE;
				GCC_WARN_UNUSED_FUNCTION = YES;
				GCC_WARN_UNUSED_VARIABLE = YES;
				IPHONEOS_DEPLOYMENT_TARGET = 18.5;
				LOCALIZATION_PREFERS_STRING_CATALOGS = YES;
				MTL_ENABLE_DEBUG_INFO = NO;
				MTL_FAST_MATH = YES;
				SDKROOT = iphoneos;
				SWIFT_COMPILATION_MODE = wholemodule;
				VALIDATE_PRODUCT = YES;
			};
			name = Release;
		};
		6FAC5AF72DFCB5DD00BCAA68 /* Debug */ = {
			isa = XCBuildConfiguration;
			buildSettings = {
				ASSETCATALOG_COMPILER_APPICON_NAME = AppIcon;
				ASSETCATALOG_COMPILER_GLOBAL_ACCENT_COLOR_NAME = AccentColor;
				CODE_SIGN_STYLE = Automatic;
				CURRENT_PROJECT_VERSION = 1;
				DEVELOPMENT_TEAM = 7J3GD52XAW;
				ENABLE_PREVIEWS = YES;
				GENERATE_INFOPLIST_FILE = YES;
				INFOPLIST_FILE = VibriaMusic/Info.plist;
				INFOPLIST_KEY_UIApplicationSceneManifest_Generation = YES;
				INFOPLIST_KEY_UIApplicationSupportsIndirectInputEvents = YES;
				INFOPLIST_KEY_UILaunchScreen_Generation = YES;
				INFOPLIST_KEY_UIStatusBarStyle = "";
				INFOPLIST_KEY_UISupportedInterfaceOrientations_iPad = "UIInterfaceOrientationPortrait UIInterfaceOrientationPortraitUpsideDown UIInterfaceOrientationLandscapeLeft UIInterfaceOrientationLandscapeRight";
				INFOPLIST_KEY_UISupportedInterfaceOrientations_iPhone = "UIInterfaceOrientationPortrait UIInterfaceOrientationLandscapeLeft UIInterfaceOrientationLandscapeRight";
				IPHONEOS_DEPLOYMENT_TARGET = 18.0;
				LD_RUNPATH_SEARCH_PATHS = (
					"$(inherited)",
					"@executable_path/Frameworks",
				);
				MARKETING_VERSION = 1.0;
				PRODUCT_BUNDLE_IDENTIFIER = com.sinfire.VibriaMusic;
				PRODUCT_NAME = "$(TARGET_NAME)";
				SUPPORTED_PLATFORMS = "iphoneos iphonesimulator";
				SUPPORTS_MACCATALYST = NO;
				SUPPORTS_MAC_DESIGNED_FOR_IPHONE_IPAD = NO;
				SUPPORTS_XR_DESIGNED_FOR_IPHONE_IPAD = NO;
				SWIFT_EMIT_LOC_STRINGS = YES;
				SWIFT_VERSION = 5.0;
				TARGETED_DEVICE_FAMILY = 1;
			};
			name = Debug;
		};
		6FAC5AF82DFCB5DD00BCAA68 /* Release */ = {
			isa = XCBuildConfiguration;
			buildSettings = {
				ASSETCATALOG_COMPILER_APPICON_NAME = AppIcon;
				ASSETCATALOG_COMPILER_GLOBAL_ACCENT_COLOR_NAME = AccentColor;
				CODE_SIGN_STYLE = Automatic;
				CURRENT_PROJECT_VERSION = 1;
				DEVELOPMENT_TEAM = 7J3GD52XAW;
				ENABLE_PREVIEWS = YES;
				GENERATE_INFOPLIST_FILE = YES;
				INFOPLIST_FILE = VibriaMusic/Info.plist;
				INFOPLIST_KEY_UIApplicationSceneManifest_Generation = YES;
				INFOPLIST_KEY_UIApplicationSupportsIndirectInputEvents = YES;
				INFOPLIST_KEY_UILaunchScreen_Generation = YES;
				INFOPLIST_KEY_UIStatusBarStyle = "";
				INFOPLIST_KEY_UISupportedInterfaceOrientations_iPad = "UIInterfaceOrientationPortrait UIInterfaceOrientationPortraitUpsideDown UIInterfaceOrientationLandscapeLeft UIInterfaceOrientationLandscapeRight";
				INFOPLIST_KEY_UISupportedInterfaceOrientations_iPhone = "UIInterfaceOrientationPortrait UIInterfaceOrientationLandscapeLeft UIInterfaceOrientationLandscapeRight";
				IPHONEOS_DEPLOYMENT_TARGET = 18.0;
				LD_RUNPATH_SEARCH_PATHS = (
					"$(inherited)",
					"@executable_path/Frameworks",
				);
				MARKETING_VERSION = 1.0;
				PRODUCT_BUNDLE_IDENTIFIER = com.sinfire.VibriaMusic;
				PRODUCT_NAME = "$(TARGET_NAME)";
				SUPPORTED_PLATFORMS = "iphoneos iphonesimulator";
				SUPPORTS_MACCATALYST = NO;
				SUPPORTS_MAC_DESIGNED_FOR_IPHONE_IPAD = NO;
				SUPPORTS_XR_DESIGNED_FOR_IPHONE_IPAD = NO;
				SWIFT_EMIT_LOC_STRINGS = YES;
				SWIFT_VERSION = 5.0;
				TARGETED_DEVICE_FAMILY = 1;
			};
			name = Release;
		};
		6FAC5AFA2DFCB5DD00BCAA68 /* Debug */ = {
			isa = XCBuildConfiguration;
			buildSettings = {
				BUNDLE_LOADER = "$(TEST_HOST)";
				CODE_SIGN_STYLE = Automatic;
				CURRENT_PROJECT_VERSION = 1;
				GENERATE_INFOPLIST_FILE = YES;
				IPHONEOS_DEPLOYMENT_TARGET = 18.5;
				MARKETING_VERSION = 1.0;
				PRODUCT_BUNDLE_IDENTIFIER = com.sinfire.VibriaMusicTests;
				PRODUCT_NAME = "$(TARGET_NAME)";
				SWIFT_EMIT_LOC_STRINGS = NO;
				SWIFT_VERSION = 5.0;
				TARGETED_DEVICE_FAMILY = "1,2";
				TEST_HOST = "$(BUILT_PRODUCTS_DIR)/VibriaMusic.app/$(BUNDLE_EXECUTABLE_FOLDER_PATH)/VibriaMusic";
			};
			name = Debug;
		};
		6FAC5AFB2DFCB5DD00BCAA68 /* Release */ = {
			isa = XCBuildConfiguration;
			buildSettings = {
				BUNDLE_LOADER = "$(TEST_HOST)";
				CODE_SIGN_STYLE = Automatic;
				CURRENT_PROJECT_VERSION = 1;
				GENERATE_INFOPLIST_FILE = YES;
				IPHONEOS_DEPLOYMENT_TARGET = 18.5;
				MARKETING_VERSION = 1.0;
				PRODUCT_BUNDLE_IDENTIFIER = com.sinfire.VibriaMusicTests;
				PRODUCT_NAME = "$(TARGET_NAME)";
				SWIFT_EMIT_LOC_STRINGS = NO;
				SWIFT_VERSION = 5.0;
				TARGETED_DEVICE_FAMILY = "1,2";
				TEST_HOST = "$(BUILT_PRODUCTS_DIR)/VibriaMusic.app/$(BUNDLE_EXECUTABLE_FOLDER_PATH)/VibriaMusic";
			};
			name = Release;
		};
		6FAC5AFD2DFCB5DD00BCAA68 /* Debug */ = {
			isa = XCBuildConfiguration;
			buildSettings = {
				CODE_SIGN_STYLE = Automatic;
				CURRENT_PROJECT_VERSION = 1;
				GENERATE_INFOPLIST_FILE = YES;
				MARKETING_VERSION = 1.0;
				PRODUCT_BUNDLE_IDENTIFIER = com.sinfire.VibriaMusicUITests;
				PRODUCT_NAME = "$(TARGET_NAME)";
				SWIFT_EMIT_LOC_STRINGS = NO;
				SWIFT_VERSION = 5.0;
				TARGETED_DEVICE_FAMILY = "1,2";
				TEST_TARGET_NAME = VibriaMusic;
			};
			name = Debug;
		};
		6FAC5AFE2DFCB5DD00BCAA68 /* Release */ = {
			isa = XCBuildConfiguration;
			buildSettings = {
				CODE_SIGN_STYLE = Automatic;
				CURRENT_PROJECT_VERSION = 1;
				GENERATE_INFOPLIST_FILE = YES;
				MARKETING_VERSION = 1.0;
				PRODUCT_BUNDLE_IDENTIFIER = com.sinfire.VibriaMusicUITests;
				PRODUCT_NAME = "$(TARGET_NAME)";
				SWIFT_EMIT_LOC_STRINGS = NO;
				SWIFT_VERSION = 5.0;
				TARGETED_DEVICE_FAMILY = "1,2";
				TEST_TARGET_NAME = VibriaMusic;
			};
			name = Release;
		};
/* End XCBuildConfiguration section */

/* Begin XCConfigurationList section */
		6FAC5AD02DFCB5DC00BCAA68 /* Build configuration list for PBXProject "VibriaMusic" */ = {
			isa = XCConfigurationList;
			buildConfigurations = (
				6FAC5AF42DFCB5DD00BCAA68 /* Debug */,
				6FAC5AF52DFCB5DD00BCAA68 /* Release */,
			);
			defaultConfigurationIsVisible = 0;
			defaultConfigurationName = Release;
		};
		6FAC5AF62DFCB5DD00BCAA68 /* Build configuration list for PBXNativeTarget "VibriaMusic" */ = {
			isa = XCConfigurationList;
			buildConfigurations = (
				6FAC5AF72DFCB5DD00BCAA68 /* Debug */,
				6FAC5AF82DFCB5DD00BCAA68 /* Release */,
			);
			defaultConfigurationIsVisible = 0;
			defaultConfigurationName = Release;
		};
		6FAC5AF92DFCB5DD00BCAA68 /* Build configuration list for PBXNativeTarget "VibriaMusicTests" */ = {
			isa = XCConfigurationList;
			buildConfigurations = (
				6FAC5AFA2DFCB5DD00BCAA68 /* Debug */,
				6FAC5AFB2DFCB5DD00BCAA68 /* Release */,
			);
			defaultConfigurationIsVisible = 0;
			defaultConfigurationName = Release;
		};
		6FAC5AFC2DFCB5DD00BCAA68 /* Build configuration list for PBXNativeTarget "VibriaMusicUITests" */ = {
			isa = XCConfigurationList;
			buildConfigurations = (
				6FAC5AFD2DFCB5DD00BCAA68 /* Debug */,
				6FAC5AFE2DFCB5DD00BCAA68 /* Release */,
			);
			defaultConfigurationIsVisible = 0;
			defaultConfigurationName = Release;
		};
/* End XCConfigurationList section */

/* Begin XCRemoteSwiftPackageReference section */
		6F6A1C282E12978C00C7FA92 /* XCRemoteSwiftPackageReference "AudioKit" */ = {
			isa = XCRemoteSwiftPackageReference;
			repositoryURL = "https://github.com/AudioKit/AudioKit";
			requirement = {
				kind = upToNextMajorVersion;
				minimumVersion = 5.6.5;
			};
		};
/* End XCRemoteSwiftPackageReference section */

/* Begin XCSwiftPackageProductDependency section */
		6F6A1C2B2E12992900C7FA92 /* AudioKit */ = {
			isa = XCSwiftPackageProductDependency;
			package = 6F6A1C282E12978C00C7FA92 /* XCRemoteSwiftPackageReference "AudioKit" */;
			productName = AudioKit;
		};
/* End XCSwiftPackageProductDependency section */
	};
	rootObject = 6FAC5ACD2DFCB5DC00BCAA68 /* Project object */;
}
